
Microsoft Visual Studio Solution File, Format Version 12.00
# Visual Studio Version 17
VisualStudioVersion = 17.10.35027.167
MinimumVisualStudioVersion = 10.0.40219.1
Project("{9A19103F-16F7-4668-BE54-9A1E7A4F7556}") = "PicShuffle", "PicShuffle\PicShuffle.csproj", "{945E1060-6CD7-438E-8192-7F11AA8E3F9F}"
EndProject
Project("{FAE04EC0-301F-11D3-BF4B-00C04F79EFBC}") = "FileShuffle", "FileShuffle\FileShuffle.csproj", "{ECE97B2F-3A34-4F75-8EBA-1341032F4084}"
EndProject
Global
	GlobalSection(SolutionConfigurationPlatforms) = preSolution
		Debug|Any CPU = Debug|Any CPU
		Release|Any CPU = Release|Any CPU
	EndGlobalSection
	GlobalSection(ProjectConfigurationPlatforms) = postSolution
		{945E1060-6CD7-438E-8192-7F11AA8E3F9F}.Debug|Any CPU.ActiveCfg = Debug|Any CPU
		{945E1060-6CD7-438E-8192-7F11AA8E3F9F}.Debug|Any CPU.Build.0 = Debug|Any CPU
		{945E1060-6CD7-438E-8192-7F11AA8E3F9F}.Release|Any CPU.ActiveCfg = Release|Any CPU
		{945E1060-6CD7-438E-8192-7F11AA8E3F9F}.Release|Any CPU.Build.0 = Release|Any CPU
		{ECE97B2F-3A34-4F75-8EBA-1341032F4084}.Debug|Any CPU.ActiveCfg = Debug|Any CPU
		{ECE97B2F-3A34-4F75-8EBA-1341032F4084}.Debug|Any CPU.Build.0 = Debug|Any CPU
		{ECE97B2F-3A34-4F75-8EBA-1341032F4084}.Release|Any CPU.ActiveCfg = Release|Any CPU
		{ECE97B2F-3A34-4F75-8EBA-1341032F4084}.Release|Any CPU.Build.0 = Release|Any CPU
	EndGlobalSection
	GlobalSection(SolutionProperties) = preSolution
		HideSolutionNode = FALSE
	EndGlobalSection
	GlobalSection(ExtensibilityGlobals) = postSolution
		SolutionGuid = {F43C6AFD-D0C0-48BA-A70C-2EE5922C85C3}
	EndGlobalSection
EndGlobal
